
Microsoft Visual Studio Solution File, Format Version 12.00
# Visual Studio Version 17
VisualStudioVersion = 17.14.37012.4
MinimumVisualStudioVersion = 10.0.40219.1
Project("{FAE04EC0-301F-11D3-BF4B-00C04F79EFBC}") = "StudentEXE", "MazeRPG\StudentEXE.csproj", "{F96FE707-C5BC-4E00-8115-131668FD6C9D}"
EndProject
Global
	GlobalSection(SolutionConfigurationPlatforms) = preSolution
		Debug|Any CPU = Debug|Any CPU
		Release|Any CPU = Release|Any CPU
	EndGlobalSection
	GlobalSection(ProjectConfigurationPlatforms) = postSolution
		{F96FE707-C5BC-4E00-8115-131668FD6C9D}.Debug|Any CPU.ActiveCfg = Debug|Any CPU
		{F96FE707-C5BC-4E00-8115-131668FD6C9D}.Debug|Any CPU.Build.0 = Debug|Any CPU
		{F96FE707-C5BC-4E00-8115-131668FD6C9D}.Release|Any CPU.ActiveCfg = Release|Any CPU
		{F96FE707-C5BC-4E00-8115-131668FD6C9D}.Release|Any CPU.Build.0 = Release|Any CPU
	EndGlobalSection
	GlobalSection(SolutionProperties) = preSolution
		HideSolutionNode = FALSE
	EndGlobalSection
	GlobalSection(ExtensibilityGlobals) = postSolution
		SolutionGuid = {147E54D6-F4C9-4905-B464-01ACD90D628D}
	EndGlobalSection
EndGlobal
